
Microsoft Visual Studio Solution File, Format Version 12.00
# Visual Studio 2010
Project("{FAE04EC0-301F-11D3-BF4B-00C04F79EFBC}") = "BillVerification_WPF", "BillVerification_WPF\BillVerification_WPF.csproj", "{07F983E4-0A72-45A7-9AF2-E1662D75A2E5}"
EndProject
Project("{FAE04EC0-301F-11D3-BF4B-00C04F79EFBC}") = "BillVerification_WPF_TestProject", "BillVerification_WPF_TestProject\BillVerification_WPF_TestProject.csproj", "{5853842C-4D38-4835-8F69-23A12E33EA3D}"
EndProject
Project("{2150E333-8FDC-42A3-9474-1A3956D46DE8}") = "Solution Items", "Solution Items", "{0C882423-B306-4A15-9991-AF6E315E7577}"
	ProjectSection(SolutionItems) = preProject
		BillVerification_WPF.vsmdi = BillVerification_WPF.vsmdi
		Local.testsettings = Local.testsettings
		TraceAndTestImpact.testsettings = TraceAndTestImpact.testsettings
	EndProjectSection
EndProject
Global
	GlobalSection(TestCaseManagementSettings) = postSolution
		CategoryFile = BillVerification_WPF.vsmdi
	EndGlobalSection
	GlobalSection(SolutionConfigurationPlatforms) = preSolution
		Debug|Any CPU = Debug|Any CPU
		Debug|Mixed Platforms = Debug|Mixed Platforms
		Debug|x86 = Debug|x86
		Release|Any CPU = Release|Any CPU
		Release|Mixed Platforms = Release|Mixed Platforms
		Release|x86 = Release|x86
	EndGlobalSection
	GlobalSection(ProjectConfigurationPlatforms) = postSolution
		{07F983E4-0A72-45A7-9AF2-E1662D75A2E5}.Debug|Any CPU.ActiveCfg = Debug|x86
		{07F983E4-0A72-45A7-9AF2-E1662D75A2E5}.Debug|Mixed Platforms.ActiveCfg = Debug|x86
		{07F983E4-0A72-45A7-9AF2-E1662D75A2E5}.Debug|Mixed Platforms.Build.0 = Debug|x86
		{07F983E4-0A72-45A7-9AF2-E1662D75A2E5}.Debug|x86.ActiveCfg = Debug|x86
		{07F983E4-0A72-45A7-9AF2-E1662D75A2E5}.Debug|x86.Build.0 = Debug|x86
		{07F983E4-0A72-45A7-9AF2-E1662D75A2E5}.Release|Any CPU.ActiveCfg = Release|x86
		{07F983E4-0A72-45A7-9AF2-E1662D75A2E5}.Release|Mixed Platforms.ActiveCfg = Release|x86
		{07F983E4-0A72-45A7-9AF2-E1662D75A2E5}.Release|Mixed Platforms.Build.0 = Release|x86
		{07F983E4-0A72-45A7-9AF2-E1662D75A2E5}.Release|x86.ActiveCfg = Release|x86
		{07F983E4-0A72-45A7-9AF2-E1662D75A2E5}.Release|x86.Build.0 = Release|x86
		{5853842C-4D38-4835-8F69-23A12E33EA3D}.Debug|Any CPU.ActiveCfg = Debug|Any CPU
		{5853842C-4D38-4835-8F69-23A12E33EA3D}.Debug|Any CPU.Build.0 = Debug|Any CPU
		{5853842C-4D38-4835-8F69-23A12E33EA3D}.Debug|Mixed Platforms.ActiveCfg = Debug|Any CPU
		{5853842C-4D38-4835-8F69-23A12E33EA3D}.Debug|Mixed Platforms.Build.0 = Debug|Any CPU
		{5853842C-4D38-4835-8F69-23A12E33EA3D}.Debug|x86.ActiveCfg = Debug|Any CPU
		{5853842C-4D38-4835-8F69-23A12E33EA3D}.Release|Any CPU.ActiveCfg = Release|Any CPU
		{5853842C-4D38-4835-8F69-23A12E33EA3D}.Release|Any CPU.Build.0 = Release|Any CPU
		{5853842C-4D38-4835-8F69-23A12E33EA3D}.Release|Mixed Platforms.ActiveCfg = Release|Any CPU
		{5853842C-4D38-4835-8F69-23A12E33EA3D}.Release|Mixed Platforms.Build.0 = Release|Any CPU
		{5853842C-4D38-4835-8F69-23A12E33EA3D}.Release|x86.ActiveCfg = Release|Any CPU
	EndGlobalSection
	GlobalSection(SolutionProperties) = preSolution
		HideSolutionNode = FALSE
	EndGlobalSection
EndGlobal
